// !$*UTF8*$!
{
	archiveVersion = 1;
	classes = {
	};
	objectVersion = 50;
	objects = {

/* Begin PBXBuildFile section */
		070E64D22215559600C3C122 /* AppDelegate.m in Sources */ = {isa = PBXBuildFile; fileRef = 070E64D12215559600C3C122 /* AppDelegate.m */; };
		070E64D52215559600C3C122 /* ViewController.m in Sources */ = {isa = PBXBuildFile; fileRef = 070E64D42215559600C3C122 /* ViewController.m */; };
		070E64DA2215559800C3C122 /* Assets.xcassets in Resources */ = {isa = PBXBuildFile; fileRef = 070E64D92215559800C3C122 /* Assets.xcassets */; };
		070E64DD2215559800C3C122 /* LaunchScreen.storyboard in Resources */ = {isa = PBXBuildFile; fileRef = 070E64DB2215559800C3C122 /* LaunchScreen.storyboard */; };
		070E64E02215559800C3C122 /* main.m in Sources */ = {isa = PBXBuildFile; fileRef = 070E64DF2215559800C3C122 /* main.m */; };
		070E64EA2215566400C3C122 /* UINavigationController+MixE.m in Sources */ = {isa = PBXBuildFile; fileRef = 070E64E92215566400C3C122 /* UINavigationController+MixE.m */; };
		070E64EC2215579600C3C122 /* ViewController.xib in Resources */ = {isa = PBXBuildFile; fileRef = 070E64EB2215579600C3C122 /* ViewController.xib */; };
		070E64F3221569C800C3C122 /* UIViewController+MixE.m in Sources */ = {isa = PBXBuildFile; fileRef = 070E64F2221569C800C3C122 /* UIViewController+MixE.m */; };
		071AD3BB2238F2B300736EDE /* UITabBar+MixE.m in Sources */ = {isa = PBXBuildFile; fileRef = 071AD3B92238F2B300736EDE /* UITabBar+MixE.m */; };
		071AD3BE2238FFE700736EDE /* UINavigationBar+MixE.m in Sources */ = {isa = PBXBuildFile; fileRef = 071AD3BD2238FFE700736EDE /* UINavigationBar+MixE.m */; };
/* End PBXBuildFile section */

/* Begin PBXFileReference section */
		070E64CD2215559600C3C122 /* MixExtention.app */ = {isa = PBXFileReference; explicitFileType = wrapper.application; includeInIndex = 0; path = MixExtention.app; sourceTree = BUILT_PRODUCTS_DIR; };
		070E64D02215559600C3C122 /* AppDelegate.h */ = {isa = PBXFileReference; lastKnownFileType = sourcecode.c.h; path = AppDelegate.h; sourceTree = "<group>"; };
		070E64D12215559600C3C122 /* AppDelegate.m */ = {isa = PBXFileReference; lastKnownFileType = sourcecode.c.objc; path = AppDelegate.m; sourceTree = "<group>"; };
		070E64D32215559600C3C122 /* ViewController.h */ = {isa = PBXFileReference; lastKnownFileType = sourcecode.c.h; path = ViewController.h; sourceTree = "<group>"; };
		070E64D42215559600C3C122 /* ViewController.m */ = {isa = PBXFileReference; lastKnownFileType = sourcecode.c.objc; path = ViewController.m; sourceTree = "<group>"; };
		070E64D92215559800C3C122 /* Assets.xcassets */ = {isa = PBXFileReference; lastKnownFileType = folder.assetcatalog; path = Assets.xcassets; sourceTree = "<group>"; };
		070E64DC2215559800C3C122 /* Base */ = {isa = PBXFileReference; lastKnownFileType = file.storyboard; name = Base; path = Base.lproj/LaunchScreen.storyboard; sourceTree = "<group>"; };
		070E64DE2215559800C3C122 /* Info.plist */ = {isa = PBXFileReference; lastKnownFileType = text.plist.xml; path = Info.plist; sourceTree = "<group>"; };
		070E64DF2215559800C3C122 /* main.m */ = {isa = PBXFileReference; lastKnownFileType = sourcecode.c.objc; path = main.m; sourceTree = "<group>"; };
		070E64E7221555E300C3C122 /* MixExtention.podspec */ = {isa = PBXFileReference; lastKnownFileType = text; path = MixExtention.podspec; sourceTree = "<group>"; };
		070E64E82215566400C3C122 /* UINavigationController+MixE.h */ = {isa = PBXFileReference; lastKnownFileType = sourcecode.c.h; path = "UINavigationController+MixE.h"; sourceTree = "<group>"; };
		070E64E92215566400C3C122 /* UINavigationController+MixE.m */ = {isa = PBXFileReference; lastKnownFileType = sourcecode.c.objc; path = "UINavigationController+MixE.m"; sourceTree = "<group>"; };
		070E64EB2215579600C3C122 /* ViewController.xib */ = {isa = PBXFileReference; lastKnownFileType = file.xib; path = ViewController.xib; sourceTree = "<group>"; };
		070E64ED22155A8500C3C122 /* MixExtention.h */ = {isa = PBXFileReference; lastKnownFileType = sourcecode.c.h; path = MixExtention.h; sourceTree = "<group>"; };
		070E64F1221569C800C3C122 /* UIViewController+MixE.h */ = {isa = PBXFileReference; fileEncoding = 4; lastKnownFileType = sourcecode.c.h; path = "UIViewController+MixE.h"; sourceTree = "<group>"; };
		070E64F2221569C800C3C122 /* UIViewController+MixE.m */ = {isa = PBXFileReference; fileEncoding = 4; lastKnownFileType = sourcecode.c.objc; path = "UIViewController+MixE.m"; sourceTree = "<group>"; };
		071AD3B92238F2B300736EDE /* UITabBar+MixE.m */ = {isa = PBXFileReference; fileEncoding = 4; lastKnownFileType = sourcecode.c.objc; path = "UITabBar+MixE.m"; sourceTree = "<group>"; };
		071AD3BA2238F2B300736EDE /* UITabBar+MixE.h */ = {isa = PBXFileReference; fileEncoding = 4; lastKnownFileType = sourcecode.c.h; path = "UITabBar+MixE.h"; sourceTree = "<group>"; };
		071AD3BC2238FFE700736EDE /* UINavigationBar+MixE.h */ = {isa = PBXFileReference; lastKnownFileType = sourcecode.c.h; path = "UINavigationBar+MixE.h"; sourceTree = "<group>"; };
		071AD3BD2238FFE700736EDE /* UINavigationBar+MixE.m */ = {isa = PBXFileReference; lastKnownFileType = sourcecode.c.objc; path = "UINavigationBar+MixE.m"; sourceTree = "<group>"; };
		07FEC8C022165C7600E97D62 /* MixEHooker.h */ = {isa = PBXFileReference; lastKnownFileType = sourcecode.c.h; path = MixEHooker.h; sourceTree = "<group>"; };
/* End PBXFileReference section */

/* Begin PBXFrameworksBuildPhase section */
		070E64CA2215559600C3C122 /* Frameworks */ = {
			isa = PBXFrameworksBuildPhase;
			buildActionMask = 2147483647;
			files = (
			);
			runOnlyForDeploymentPostprocessing = 0;
		};
/* End PBXFrameworksBuildPhase section */

/* Begin PBXGroup section */
		070E64C42215559600C3C122 = {
			isa = PBXGroup;
			children = (
				070E64E7221555E300C3C122 /* MixExtention.podspec */,
				070E64E6221555C100C3C122 /* Classes */,
				070E64CF2215559600C3C122 /* MixExtention */,
				070E64CE2215559600C3C122 /* Products */,
			);
			sourceTree = "<group>";
		};
		070E64CE2215559600C3C122 /* Products */ = {
			isa = PBXGroup;
			children = (
				070E64CD2215559600C3C122 /* MixExtention.app */,
			);
			name = Products;
			sourceTree = "<group>";
		};
		070E64CF2215559600C3C122 /* MixExtention */ = {
			isa = PBXGroup;
			children = (
				070E64D02215559600C3C122 /* AppDelegate.h */,
				070E64D12215559600C3C122 /* AppDelegate.m */,
				070E64D32215559600C3C122 /* ViewController.h */,
				070E64D42215559600C3C122 /* ViewController.m */,
				070E64EB2215579600C3C122 /* ViewController.xib */,
				070E64D92215559800C3C122 /* Assets.xcassets */,
				070E64DB2215559800C3C122 /* LaunchScreen.storyboard */,
				070E64DE2215559800C3C122 /* Info.plist */,
				070E64DF2215559800C3C122 /* main.m */,
			);
			path = MixExtention;
			sourceTree = "<group>";
		};
		070E64E6221555C100C3C122 /* Classes */ = {
			isa = PBXGroup;
			children = (
				070E64ED22155A8500C3C122 /* MixExtention.h */,
				07FEC8C022165C7600E97D62 /* MixEHooker.h */,
				070E64F1221569C800C3C122 /* UIViewController+MixE.h */,
				070E64F2221569C800C3C122 /* UIViewController+MixE.m */,
				070E64E82215566400C3C122 /* UINavigationController+MixE.h */,
				070E64E92215566400C3C122 /* UINavigationController+MixE.m */,
				071AD3BC2238FFE700736EDE /* UINavigationBar+MixE.h */,
				071AD3BD2238FFE700736EDE /* UINavigationBar+MixE.m */,
				071AD3BA2238F2B300736EDE /* UITabBar+MixE.h */,
				071AD3B92238F2B300736EDE /* UITabBar+MixE.m */,
			);
			path = Classes;
			sourceTree = "<group>";
		};
/* End PBXGroup section */

/* Begin PBXNativeTarget section */
		070E64CC2215559600C3C122 /* MixExtention */ = {
			isa = PBXNativeTarget;
			buildConfigurationList = 070E64E32215559800C3C122 /* Build configuration list for PBXNativeTarget "MixExtention" */;
			buildPhases = (
				070E64C92215559600C3C122 /* Sources */,
				070E64CA2215559600C3C122 /* Frameworks */,
				070E64CB2215559600C3C122 /* Resources */,
			);
			buildRules = (
			);
			dependencies = (
			);
			name = MixExtention;
			productName = MixExtention;
			productReference = 070E64CD2215559600C3C122 /* MixExtention.app */;
			productType = "com.apple.product-type.application";
		};
/* End PBXNativeTarget section */

/* Begin PBXProject section */
		070E64C52215559600C3C122 /* Project object */ = {
			isa = PBXProject;
			attributes = {
				LastUpgradeCheck = 1010;
				ORGANIZATIONNAME = Mix;
				TargetAttributes = {
					070E64CC2215559600C3C122 = {
						CreatedOnToolsVersion = 10.1;
					};
				};
			};
			buildConfigurationList = 070E64C82215559600C3C122 /* Build configuration list for PBXProject "MixExtention" */;
			compatibilityVersion = "Xcode 9.3";
			developmentRegion = en;
			hasScannedForEncodings = 0;
			knownRegions = (
				en,
				Base,
			);
			mainGroup = 070E64C42215559600C3C122;
			productRefGroup = 070E64CE2215559600C3C122 /* Products */;
			projectDirPath = "";
			projectRoot = "";
			targets = (
				070E64CC2215559600C3C122 /* MixExtention */,
			);
		};
/* End PBXProject section */

/* Begin PBXResourcesBuildPhase section */
		070E64CB2215559600C3C122 /* Resources */ = {
			isa = PBXResourcesBuildPhase;
			buildActionMask = 2147483647;
			files = (
				070E64DD2215559800C3C122 /* LaunchScreen.storyboard in Resources */,
				070E64EC2215579600C3C122 /* ViewController.xib in Resources */,
				070E64DA2215559800C3C122 /* Assets.xcassets in Resources */,
			);
			runOnlyForDeploymentPostprocessing = 0;
		};
/* End PBXResourcesBuildPhase section */

/* Begin PBXSourcesBuildPhase section */
		070E64C92215559600C3C122 /* Sources */ = {
			isa = PBXSourcesBuildPhase;
			buildActionMask = 2147483647;
			files = (
				071AD3BE2238FFE700736EDE /* UINavigationBar+MixE.m in Sources */,
				070E64D52215559600C3C122 /* ViewController.m in Sources */,
				070E64EA2215566400C3C122 /* UINavigationController+MixE.m in Sources */,
				071AD3BB2238F2B300736EDE /* UITabBar+MixE.m in Sources */,
				070E64F3221569C800C3C122 /* UIViewController+MixE.m in Sources */,
				070E64E02215559800C3C122 /* main.m in Sources */,
				070E64D22215559600C3C122 /* AppDelegate.m in Sources */,
			);
			runOnlyForDeploymentPostprocessing = 0;
		};
/* End PBXSourcesBuildPhase section */

/* Begin PBXVariantGroup section */
		070E64DB2215559800C3C122 /* LaunchScreen.storyboard */ = {
			isa = PBXVariantGroup;
			children = (
				070E64DC2215559800C3C122 /* Base */,
			);
			name = LaunchScreen.storyboard;
			sourceTree = "<group>";
		};
/* End PBXVariantGroup section */

/* Begin XCBuildConfiguration section */
		070E64E12215559800C3C122 /* Debug */ = {
			isa = XCBuildConfiguration;
			buildSettings = {
				ALWAYS_SEARCH_USER_PATHS = NO;
				CLANG_ANALYZER_NONNULL = YES;
				CLANG_ANALYZER_NUMBER_OBJECT_CONVERSION = YES_AGGRESSIVE;
				CLANG_CXX_LANGUAGE_STANDARD = "gnu++14";
				CLANG_CXX_LIBRARY = "libc++";
				CLANG_ENABLE_MODULES = YES;
				CLANG_ENABLE_OBJC_ARC = YES;
				CLANG_ENABLE_OBJC_WEAK = YES;
				CLANG_WARN_BLOCK_CAPTURE_AUTORELEASING = YES;
				CLANG_WARN_BOOL_CONVERSION = YES;
				CLANG_WARN_COMMA = YES;
				CLANG_WARN_CONSTANT_CONVERSION = YES;
				CLANG_WARN_DEPRECATED_OBJC_IMPLEMENTATIONS = YES;
				CLANG_WARN_DIRECT_OBJC_ISA_USAGE = YES_ERROR;
				CLANG_WARN_DOCUMENTATION_COMMENTS = YES;
				CLANG_WARN_EMPTY_BODY = YES;
				CLANG_WARN_ENUM_CONVERSION = YES;
				CLANG_WARN_INFINITE_RECURSION = YES;
				CLANG_WARN_INT_CONVERSION = YES;
				CLANG_WARN_NON_LITERAL_NULL_CONVERSION = YES;
				CLANG_WARN_OBJC_IMPLICIT_RETAIN_SELF = YES;
				CLANG_WARN_OBJC_LITERAL_CONVERSION = YES;
				CLANG_WARN_OBJC_ROOT_CLASS = YES_ERROR;
				CLANG_WARN_RANGE_LOOP_ANALYSIS = YES;
				CLANG_WARN_STRICT_PROTOTYPES = YES;
				CLANG_WARN_SUSPICIOUS_MOVE = YES;
				CLANG_WARN_UNGUARDED_AVAILABILITY = YES_AGGRESSIVE;
				CLANG_WARN_UNREACHABLE_CODE = YES;
				CLANG_WARN__DUPLICATE_METHOD_MATCH = YES;
				CODE_SIGN_IDENTITY = "iPhone Developer";
				COPY_PHASE_STRIP = NO;
				DEBUG_INFORMATION_FORMAT = dwarf;
				ENABLE_STRICT_OBJC_MSGSEND = YES;
				ENABLE_TESTABILITY = YES;
				GCC_C_LANGUAGE_STANDARD = gnu11;
				GCC_DYNAMIC_NO_PIC = NO;
				GCC_NO_COMMON_BLOCKS = YES;
				GCC_OPTIMIZATION_LEVEL = 0;
				GCC_PREPROCESSOR_DEFINITIONS = (
					"DEBUG=1",
					"$(inherited)",
				);
				GCC_WARN_64_TO_32_BIT_CONVERSION = YES;
				GCC_WARN_ABOUT_RETURN_TYPE = YES_ERROR;
				GCC_WARN_UNDECLARED_SELECTOR = YES;
				GCC_WARN_UNINITIALIZED_AUTOS = YES_AGGRESSIVE;
				GCC_WARN_UNUSED_FUNCTION = YES;
				GCC_WARN_UNUSED_VARIABLE = YES;
				IPHONEOS_DEPLOYMENT_TARGET = 12.1;
				MTL_ENABLE_DEBUG_INFO = INCLUDE_SOURCE;
				MTL_FAST_MATH = YES;
				ONLY_ACTIVE_ARCH = YES;
				SDKROOT = iphoneos;
			};
			name = Debug;
		};
		070E64E22215559800C3C122 /* Release */ = {
			isa = XCBuildConfiguration;
			buildSettings = {
				ALWAYS_SEARCH_USER_PATHS = NO;
				CLANG_ANALYZER_NONNULL = YES;
				CLANG_ANALYZER_NUMBER_OBJECT_CONVERSION = YES_AGGRESSIVE;
				CLANG_CXX_LANGUAGE_STANDARD = "gnu++14";
				CLANG_CXX_LIBRARY = "libc++";
				CLANG_ENABLE_MODULES = YES;
				CLANG_ENABLE_OBJC_ARC = YES;
				CLANG_ENABLE_OBJC_WEAK = YES;
				CLANG_WARN_BLOCK_CAPTURE_AUTORELEASING = YES;
				CLANG_WARN_BOOL_CONVERSION = YES;
				CLANG_WARN_COMMA = YES;
				CLANG_WARN_CONSTANT_CONVERSION = YES;
				CLANG_WARN_DEPRECATED_OBJC_IMPLEMENTATIONS = YES;
				CLANG_WARN_DIRECT_OBJC_ISA_USAGE = YES_ERROR;
				CLANG_WARN_DOCUMENTATION_COMMENTS = YES;
				CLANG_WARN_EMPTY_BODY = YES;
				CLANG_WARN_ENUM_CONVERSION = YES;
				CLANG_WARN_INFINITE_RECURSION = YES;
				CLANG_WARN_INT_CONVERSION = YES;
				CLANG_WARN_NON_LITERAL_NULL_CONVERSION = YES;
				CLANG_WARN_OBJC_IMPLICIT_RETAIN_SELF = YES;
				CLANG_WARN_OBJC_LITERAL_CONVERSION = YES;
				CLANG_WARN_OBJC_ROOT_CLASS = YES_ERROR;
				CLANG_WARN_RANGE_LOOP_ANALYSIS = YES;
				CLANG_WARN_STRICT_PROTOTYPES = YES;
				CLANG_WARN_SUSPICIOUS_MOVE = YES;
				CLANG_WARN_UNGUARDED_AVAILABILITY = YES_AGGRESSIVE;
				CLANG_WARN_UNREACHABLE_CODE = YES;
				CLANG_WARN__DUPLICATE_METHOD_MATCH = YES;
				CODE_SIGN_IDENTITY = "iPhone Developer";
				COPY_PHASE_STRIP = NO;
				DEBUG_INFORMATION_FORMAT = "dwarf-with-dsym";
				ENABLE_NS_ASSERTIONS = NO;
				ENABLE_STRICT_OBJC_MSGSEND = YES;
				GCC_C_LANGUAGE_STANDARD = gnu11;
				GCC_NO_COMMON_BLOCKS = YES;
				GCC_WARN_64_TO_32_BIT_CONVERSION = YES;
				GCC_WARN_ABOUT_RETURN_TYPE = YES_ERROR;
				GCC_WARN_UNDECLARED_SELECTOR = YES;
				GCC_WARN_UNINITIALIZED_AUTOS = YES_AGGRESSIVE;
				GCC_WARN_UNUSED_FUNCTION = YES;
				GCC_WARN_UNUSED_VARIABLE = YES;
				IPHONEOS_DEPLOYMENT_TARGET = 12.1;
				MTL_ENABLE_DEBUG_INFO = NO;
				MTL_FAST_MATH = YES;
				SDKROOT = iphoneos;
				VALIDATE_PRODUCT = YES;
			};
			name = Release;
		};
		070E64E42215559800C3C122 /* Debug */ = {
			isa = XCBuildConfiguration;
			buildSettings = {
				ASSETCATALOG_COMPILER_APPICON_NAME = AppIcon;
				CODE_SIGN_STYLE = Automatic;
				DEVELOPMENT_TEAM = P52YT7J26P;
				INFOPLIST_FILE = MixExtention/Info.plist;
				IPHONEOS_DEPLOYMENT_TARGET = 8.0;
				LD_RUNPATH_SEARCH_PATHS = (
					"$(inherited)",
					"@executable_path/Frameworks",
				);
				PRODUCT_BUNDLE_IDENTIFIER = EricLong.Mix.MixExtention;
				PRODUCT_NAME = "$(TARGET_NAME)";
				TARGETED_DEVICE_FAMILY = "1,2";
			};
			name = Debug;
		};
		070E64E52215559800C3C122 /* Release */ = {
			isa = XCBuildConfiguration;
			buildSettings = {
				ASSETCATALOG_COMPILER_APPICON_NAME = AppIcon;
				CODE_SIGN_STYLE = Automatic;
				DEVELOPMENT_TEAM = P52YT7J26P;
				INFOPLIST_FILE = MixExtention/Info.plist;
				IPHONEOS_DEPLOYMENT_TARGET = 8.0;
				LD_RUNPATH_SEARCH_PATHS = (
					"$(inherited)",
					"@executable_path/Frameworks",
				);
				PRODUCT_BUNDLE_IDENTIFIER = EricLong.Mix.MixExtention;
				PRODUCT_NAME = "$(TARGET_NAME)";
				TARGETED_DEVICE_FAMILY = "1,2";
			};
			name = Release;
		};
/* End XCBuildConfiguration section */

/* Begin XCConfigurationList section */
		070E64C82215559600C3C122 /* Build configuration list for PBXProject "MixExtention" */ = {
			isa = XCConfigurationList;
			buildConfigurations = (
				070E64E12215559800C3C122 /* Debug */,
				070E64E22215559800C3C122 /* Release */,
			);
			defaultConfigurationIsVisible = 0;
			defaultConfigurationName = Release;
		};
		070E64E32215559800C3C122 /* Build configuration list for PBXNativeTarget "MixExtention" */ = {
			isa = XCConfigurationList;
			buildConfigurations = (
				070E64E42215559800C3C122 /* Debug */,
				070E64E52215559800C3C122 /* Release */,
			);
			defaultConfigurationIsVisible = 0;
			defaultConfigurationName = Release;
		};
/* End XCConfigurationList section */
	};
	rootObject = 070E64C52215559600C3C122 /* Project object */;
}
